
Microsoft Visual Studio Solution File, Format Version 12.00
# Visual Studio Version 17
VisualStudioVersion = 17.9.34616.47
MinimumVisualStudioVersion = 10.0.40219.1
Project("{FAE04EC0-301F-11D3-BF4B-00C04F79EFBC}") = "Vozilo", "Vozilo\Vozilo.csproj", "{789EB4EB-2302-4F00-945F-27C3F9EE9307}"
EndProject
Project("{FAE04EC0-301F-11D3-BF4B-00C04F79EFBC}") = "VoziloTests", "VoziloTests\VoziloTests.csproj", "{6D7325EA-3E3D-4BDF-A763-2CBD103D6914}"
EndProject
Project("{FAE04EC0-301F-11D3-BF4B-00C04F79EFBC}") = "Kosarica", "Kosarica\Kosarica.csproj", "{C2FA386C-3962-496F-8076-BCF42719B2CA}"
EndProject
Project("{FAE04EC0-301F-11D3-BF4B-00C04F79EFBC}") = "KosaricaTests", "KosaricaTests\KosaricaTests.csproj", "{0961F101-6B14-4ACB-BE23-67BB069469A3}"
EndProject
Project("{FAE04EC0-301F-11D3-BF4B-00C04F79EFBC}") = "Registracija", "Registracija\Registracija.csproj", "{F3A13066-644A-4F2B-8BFD-8CFD9B82859B}"
EndProject
Project("{FAE04EC0-301F-11D3-BF4B-00C04F79EFBC}") = "RegistracijaTests", "RegistracijaTests\RegistracijaTests.csproj", "{1E08EFB8-7543-4268-B9F5-E0E7FFE36DC8}"
EndProject
Project("{FAE04EC0-301F-11D3-BF4B-00C04F79EFBC}") = "Majica", "Majica\Majica.csproj", "{4A73B12F-6E2A-496A-AD55-4BF74D812F2E}"
EndProject
Project("{FAE04EC0-301F-11D3-BF4B-00C04F79EFBC}") = "MajicaTests", "MajicaTests\MajicaTests.csproj", "{01E34195-BE51-42C1-B9D6-EF7194731D70}"
EndProject
Global
	GlobalSection(SolutionConfigurationPlatforms) = preSolution
		Debug|Any CPU = Debug|Any CPU
		Release|Any CPU = Release|Any CPU
	EndGlobalSection
	GlobalSection(ProjectConfigurationPlatforms) = postSolution
		{789EB4EB-2302-4F00-945F-27C3F9EE9307}.Debug|Any CPU.ActiveCfg = Debug|Any CPU
		{789EB4EB-2302-4F00-945F-27C3F9EE9307}.Debug|Any CPU.Build.0 = Debug|Any CPU
		{789EB4EB-2302-4F00-945F-27C3F9EE9307}.Release|Any CPU.ActiveCfg = Release|Any CPU
		{789EB4EB-2302-4F00-945F-27C3F9EE9307}.Release|Any CPU.Build.0 = Release|Any CPU
		{6D7325EA-3E3D-4BDF-A763-2CBD103D6914}.Debug|Any CPU.ActiveCfg = Debug|Any CPU
		{6D7325EA-3E3D-4BDF-A763-2CBD103D6914}.Debug|Any CPU.Build.0 = Debug|Any CPU
		{6D7325EA-3E3D-4BDF-A763-2CBD103D6914}.Release|Any CPU.ActiveCfg = Release|Any CPU
		{6D7325EA-3E3D-4BDF-A763-2CBD103D6914}.Release|Any CPU.Build.0 = Release|Any CPU
		{C2FA386C-3962-496F-8076-BCF42719B2CA}.Debug|Any CPU.ActiveCfg = Debug|Any CPU
		{C2FA386C-3962-496F-8076-BCF42719B2CA}.Debug|Any CPU.Build.0 = Debug|Any CPU
		{C2FA386C-3962-496F-8076-BCF42719B2CA}.Release|Any CPU.ActiveCfg = Release|Any CPU
		{C2FA386C-3962-496F-8076-BCF42719B2CA}.Release|Any CPU.Build.0 = Release|Any CPU
		{0961F101-6B14-4ACB-BE23-67BB069469A3}.Debug|Any CPU.ActiveCfg = Debug|Any CPU
		{0961F101-6B14-4ACB-BE23-67BB069469A3}.Debug|Any CPU.Build.0 = Debug|Any CPU
		{0961F101-6B14-4ACB-BE23-67BB069469A3}.Release|Any CPU.ActiveCfg = Release|Any CPU
		{0961F101-6B14-4ACB-BE23-67BB069469A3}.Release|Any CPU.Build.0 = Release|Any CPU
		{F3A13066-644A-4F2B-8BFD-8CFD9B82859B}.Debug|Any CPU.ActiveCfg = Debug|Any CPU
		{F3A13066-644A-4F2B-8BFD-8CFD9B82859B}.Debug|Any CPU.Build.0 = Debug|Any CPU
		{F3A13066-644A-4F2B-8BFD-8CFD9B82859B}.Release|Any CPU.ActiveCfg = Release|Any CPU
		{F3A13066-644A-4F2B-8BFD-8CFD9B82859B}.Release|Any CPU.Build.0 = Release|Any CPU
		{1E08EFB8-7543-4268-B9F5-E0E7FFE36DC8}.Debug|Any CPU.ActiveCfg = Debug|Any CPU
		{1E08EFB8-7543-4268-B9F5-E0E7FFE36DC8}.Debug|Any CPU.Build.0 = Debug|Any CPU
		{1E08EFB8-7543-4268-B9F5-E0E7FFE36DC8}.Release|Any CPU.ActiveCfg = Release|Any CPU
		{1E08EFB8-7543-4268-B9F5-E0E7FFE36DC8}.Release|Any CPU.Build.0 = Release|Any CPU
		{4A73B12F-6E2A-496A-AD55-4BF74D812F2E}.Debug|Any CPU.ActiveCfg = Debug|Any CPU
		{4A73B12F-6E2A-496A-AD55-4BF74D812F2E}.Debug|Any CPU.Build.0 = Debug|Any CPU
		{4A73B12F-6E2A-496A-AD55-4BF74D812F2E}.Release|Any CPU.ActiveCfg = Release|Any CPU
		{4A73B12F-6E2A-496A-AD55-4BF74D812F2E}.Release|Any CPU.Build.0 = Release|Any CPU
		{01E34195-BE51-42C1-B9D6-EF7194731D70}.Debug|Any CPU.ActiveCfg = Debug|Any CPU
		{01E34195-BE51-42C1-B9D6-EF7194731D70}.Debug|Any CPU.Build.0 = Debug|Any CPU
		{01E34195-BE51-42C1-B9D6-EF7194731D70}.Release|Any CPU.ActiveCfg = Release|Any CPU
		{01E34195-BE51-42C1-B9D6-EF7194731D70}.Release|Any CPU.Build.0 = Release|Any CPU
	EndGlobalSection
	GlobalSection(SolutionProperties) = preSolution
		HideSolutionNode = FALSE
	EndGlobalSection
	GlobalSection(ExtensibilityGlobals) = postSolution
		SolutionGuid = {B62A030F-C9B5-4C02-B70A-C702B5CA38B0}
	EndGlobalSection
EndGlobal
